
Microsoft Visual Studio Solution File, Format Version 12.00
# Visual Studio Version 17
VisualStudioVersion = 17.9.34902.65
MinimumVisualStudioVersion = 10.0.40219.1
Project("{FAE04EC0-301F-11D3-BF4B-00C04F79EFBC}") = "RozeyWeb", "RozeyWeb\RozeyWeb.csproj", "{996C951B-F6B0-483B-9244-8D6E14AEDA2B}"
EndProject
Global
	GlobalSection(SolutionConfigurationPlatforms) = preSolution
		Debug|Any CPU = Debug|Any CPU
		Release|Any CPU = Release|Any CPU
	EndGlobalSection
	GlobalSection(ProjectConfigurationPlatforms) = postSolution
		{996C951B-F6B0-483B-9244-8D6E14AEDA2B}.Debug|Any CPU.ActiveCfg = Debug|Any CPU
		{996C951B-F6B0-483B-9244-8D6E14AEDA2B}.Debug|Any CPU.Build.0 = Debug|Any CPU
		{996C951B-F6B0-483B-9244-8D6E14AEDA2B}.Release|Any CPU.ActiveCfg = Release|Any CPU
		{996C951B-F6B0-483B-9244-8D6E14AEDA2B}.Release|Any CPU.Build.0 = Release|Any CPU
	EndGlobalSection
	GlobalSection(SolutionProperties) = preSolution
		HideSolutionNode = FALSE
	EndGlobalSection
	GlobalSection(ExtensibilityGlobals) = postSolution
		SolutionGuid = {D06E7AC0-F591-4D70-99A7-F364E6B7FDBE}
	EndGlobalSection
EndGlobal
